<?xml version="1.0" encoding="utf-8"?>
<Project ToolsVersion="4.0" xmlns="http://schemas.microsoft.com/developer/msbuild/2003">
  <ItemGroup>
    <Filter Include="Source Files">
      <UniqueIdentifier>{4FC737F1-C7A5-4376-A066-2A32D752A2FF}</UniqueIdentifier>
      <Extensions>cpp;c;cc;cxx;def;odl;idl;hpj;bat;asm;asmx</Extensions>
    </Filter>
    <Filter Include="Header Files">
      <UniqueIdentifier>{93995380-89BD-4b04-88EB-625FBE52EBFB}</UniqueIdentifier>
      <Extensions>h;hh;hpp;hxx;hm;inl;inc;xsd</Extensions>
    </Filter>
    <Filter Include="Resource Files">
      <UniqueIdentifier>{67DA6AB6-F800-4c08-8B7A-83BB121AAD01}</UniqueIdentifier>
      <Extensions>rc;ico;cur;bmp;dlg;rc2;rct;bin;rgs;gif;jpg;jpeg;jpe;resx;tiff;tif;png;wav;mfcribbon-ms</Extensions>
    </Filter>
    <Filter Include="images">
      <UniqueIdentifier>{40a4fb3a-a96b-4ec0-b27f-92689f19edff}</UniqueIdentifier>
    </Filter>
  </ItemGroup>
  <ItemGroup>
    <ClCompile Include="main.cpp">
      <Filter>Source Files</Filter>
    </ClCompile>
  </ItemGroup>
  <ItemGroup>
    <Image Include="images\WIN_20170218_18_44_51_Pro.jpg">
      <Filter>images</Filter>
    </Image>
    <Image Include="images\WIN_20170218_18_45_02_Pro.jpg">
      <Filter>images</Filter>
    </Image>
    <Image Include="images\WIN_20170218_18_45_07_Pro.jpg">
      <Filter>images</Filter>
    </Image>
    <Image Include="images\WIN_20170218_18_45_20_Pro.jpg">
      <Filter>images</Filter>
    </Image>
    <Image Include="images\WIN_20170218_18_45_30_Pro.jpg">
      <Filter>images</Filter>
    </Image>
    <Image Include="images\WIN_20170218_18_45_39_Pro.jpg">
      <Filter>images</Filter>
    </Image>
    <Image Include="images\WIN_20170218_18_45_43_Pro.jpg">
      <Filter>images</Filter>
    </Image>
    <Image Include="images\WIN_20170218_18_45_47_Pro.jpg">
      <Filter>images</Filter>
    </Image>
    <Image Include="images\WIN_20170218_18_45_55_Pro.jpg">
      <Filter>images</Filter>
    </Image>
    <Image Include="images\WIN_20170218_18_45_57_Pro.jpg">
      <Filter>images</Filter>
    </Image>
    <Image Include="images\WIN_20170218_18_46_01_Pro.jpg">
      <Filter>images</Filter>
    </Image>
    <Image Include="images\WIN_20170218_18_46_07_Pro.jpg">
      <Filter>images</Filter>
    </Image>
    <Image Include="images\WIN_20170218_18_46_16_Pro.jpg">
      <Filter>images</Filter>
    </Image>
    <Image Include="images\WIN_20170218_18_46_19_Pro.jpg">
      <Filter>images</Filter>
    </Image>
    <Image Include="images\WIN_20170218_18_46_25_Pro.jpg">
      <Filter>images</Filter>
    </Image>
  </ItemGroup>
  <ItemGroup>
    <ClInclude Include="main.h">
      <Filter>Header Files</Filter>
    </ClInclude>
  </ItemGroup>
</Project>